
Microsoft Visual Studio Solution File, Format Version 12.00
# Visual Studio Version 16
VisualStudioVersion = 16.0.32002.261
MinimumVisualStudioVersion = 10.0.40219.1
Project("{9A19103F-16F7-4668-BE54-9A1E7A4F7556}") = "MyHomework_Lesson_1_1", "MyHomework_Lesson_1_1\MyHomework_Lesson_1_1.csproj", "{D612FA5F-015D-42D3-B96A-582238F5372B}"
EndProject
Global
	GlobalSection(SolutionConfigurationPlatforms) = preSolution
		Debug|Any CPU = Debug|Any CPU
		Release|Any CPU = Release|Any CPU
	EndGlobalSection
	GlobalSection(ProjectConfigurationPlatforms) = postSolution
		{D612FA5F-015D-42D3-B96A-582238F5372B}.Debug|Any CPU.ActiveCfg = Debug|Any CPU
		{D612FA5F-015D-42D3-B96A-582238F5372B}.Debug|Any CPU.Build.0 = Debug|Any CPU
		{D612FA5F-015D-42D3-B96A-582238F5372B}.Release|Any CPU.ActiveCfg = Release|Any CPU
		{D612FA5F-015D-42D3-B96A-582238F5372B}.Release|Any CPU.Build.0 = Release|Any CPU
	EndGlobalSection
	GlobalSection(SolutionProperties) = preSolution
		HideSolutionNode = FALSE
	EndGlobalSection
	GlobalSection(ExtensibilityGlobals) = postSolution
		SolutionGuid = {C8981249-B2A5-43CE-858C-BF46AE6E4375}
	EndGlobalSection
EndGlobal
